
Microsoft Visual Studio Solution File, Format Version 12.00
# Visual Studio Version 17
VisualStudioVersion = 17.0.32112.339
MinimumVisualStudioVersion = 10.0.40219.1
Project("{FAE04EC0-301F-11D3-BF4B-00C04F79EFBC}") = "Facade", "Facade.csproj", "{66800B9C-9AEA-4DAB-B6DB-16946C93630B}"
EndProject
Global
	GlobalSection(SolutionConfigurationPlatforms) = preSolution
		Debug|Any CPU = Debug|Any CPU
		Release|Any CPU = Release|Any CPU
	EndGlobalSection
	GlobalSection(ProjectConfigurationPlatforms) = postSolution
		{66800B9C-9AEA-4DAB-B6DB-16946C93630B}.Debug|Any CPU.ActiveCfg = Debug|Any CPU
		{66800B9C-9AEA-4DAB-B6DB-16946C93630B}.Debug|Any CPU.Build.0 = Debug|Any CPU
		{66800B9C-9AEA-4DAB-B6DB-16946C93630B}.Release|Any CPU.ActiveCfg = Release|Any CPU
		{66800B9C-9AEA-4DAB-B6DB-16946C93630B}.Release|Any CPU.Build.0 = Release|Any CPU
	EndGlobalSection
	GlobalSection(SolutionProperties) = preSolution
		HideSolutionNode = FALSE
	EndGlobalSection
	GlobalSection(ExtensibilityGlobals) = postSolution
		SolutionGuid = {5F18F42E-FDD5-40F2-9345-DCEF00DF17D4}
	EndGlobalSection
EndGlobal
