
Microsoft Visual Studio Solution File, Format Version 12.00
# Visual Studio Version 17
VisualStudioVersion = 17.0.32112.339
MinimumVisualStudioVersion = 10.0.40219.1
Project("{8BC9CEB8-8B4A-11D0-8D11-00A0C91BC942}") = "FactoryMethd", "FactoryMethd.vcxproj", "{0941A206-A146-448F-B758-198A49EB0246}"
EndProject
Global
	GlobalSection(SolutionConfigurationPlatforms) = preSolution
		Debug|x64 = Debug|x64
		Debug|x86 = Debug|x86
		Release|x64 = Release|x64
		Release|x86 = Release|x86
	EndGlobalSection
	GlobalSection(ProjectConfigurationPlatforms) = postSolution
		{0941A206-A146-448F-B758-198A49EB0246}.Debug|x64.ActiveCfg = Debug|x64
		{0941A206-A146-448F-B758-198A49EB0246}.Debug|x64.Build.0 = Debug|x64
		{0941A206-A146-448F-B758-198A49EB0246}.Debug|x86.ActiveCfg = Debug|Win32
		{0941A206-A146-448F-B758-198A49EB0246}.Debug|x86.Build.0 = Debug|Win32
		{0941A206-A146-448F-B758-198A49EB0246}.Release|x64.ActiveCfg = Release|x64
		{0941A206-A146-448F-B758-198A49EB0246}.Release|x64.Build.0 = Release|x64
		{0941A206-A146-448F-B758-198A49EB0246}.Release|x86.ActiveCfg = Release|Win32
		{0941A206-A146-448F-B758-198A49EB0246}.Release|x86.Build.0 = Release|Win32
	EndGlobalSection
	GlobalSection(SolutionProperties) = preSolution
		HideSolutionNode = FALSE
	EndGlobalSection
	GlobalSection(ExtensibilityGlobals) = postSolution
		SolutionGuid = {14F0E76A-954C-43A9-A2A7-CEB3E35F2E53}
	EndGlobalSection
EndGlobal
